
Microsoft Visual Studio Solution File, Format Version 12.00
# Visual Studio 14
VisualStudioVersion = 14.0.25123.0
MinimumVisualStudioVersion = 10.0.40219.1
Project("{FAE04EC0-301F-11D3-BF4B-00C04F79EFBC}") = "HomeClinic.Service", "HomeClinic.Service\HomeClinic.Service.csproj", "{DA599A48-FB98-4889-A076-1A81EDCC82D3}"
EndProject
Project("{FAE04EC0-301F-11D3-BF4B-00C04F79EFBC}") = "HomeClinic.Presentation", "HomeClinic.Presentation\HomeClinic.Presentation.csproj", "{1628C094-87FE-4555-80C6-149F70BBDBB7}"
EndProject
Project("{FAE04EC0-301F-11D3-BF4B-00C04F79EFBC}") = "HomeClinic.Domain", "HomeClinic.Domain\HomeClinic.Domain.csproj", "{286A0A15-DF9E-41D3-A0DB-18E5C2BA54CA}"
EndProject
Project("{FAE04EC0-301F-11D3-BF4B-00C04F79EFBC}") = "HomeClinic.DAL", "HomeClinic.DAL\HomeClinic.DAL.csproj", "{39E4E6DA-A0C6-4449-A527-8850E1DA2883}"
EndProject
Project("{FAE04EC0-301F-11D3-BF4B-00C04F79EFBC}") = "HomeClinic.Test", "HomeClinic.Test\HomeClinic.Test.csproj", "{FA9D338D-D0BA-4A8A-916E-A91256048931}"
EndProject
Project("{2150E333-8FDC-42A3-9474-1A3956D46DE8}") = "Documentation", "Documentation", "{6D2B6E0E-CC69-4BBA-9639-D580AF56C5AA}"
	ProjectSection(SolutionItems) = preProject
		1 - Funcionalidades.txt = 1 - Funcionalidades.txt
	EndProjectSection
EndProject
Project("{2150E333-8FDC-42A3-9474-1A3956D46DE8}") = "Ferramentas do Banco", "Ferramentas do Banco", "{8287B554-18DB-43F2-9694-BF8B29BC4DAF}"
	ProjectSection(SolutionItems) = preProject
		README.txt = README.txt
	EndProjectSection
EndProject
Project("{FAE04EC0-301F-11D3-BF4B-00C04F79EFBC}") = "HomeClinic.NHibernate", "HomeClinic.NHibernate\HomeClinic.NHibernate.csproj", "{6562C26B-1D37-4D56-A238-8CC89F959AC4}"
EndProject
Project("{2150E333-8FDC-42A3-9474-1A3956D46DE8}") = "Solution Items", "Solution Items", "{F058757A-8FA5-484E-9689-782008BAB20D}"
	ProjectSection(SolutionItems) = preProject
		DatabaseConfiguration.xml = DatabaseConfiguration.xml
	EndProjectSection
EndProject
Global
	GlobalSection(SolutionConfigurationPlatforms) = preSolution
		Debug|Any CPU = Debug|Any CPU
		Release|Any CPU = Release|Any CPU
	EndGlobalSection
	GlobalSection(ProjectConfigurationPlatforms) = postSolution
		{DA599A48-FB98-4889-A076-1A81EDCC82D3}.Debug|Any CPU.ActiveCfg = Debug|Any CPU
		{DA599A48-FB98-4889-A076-1A81EDCC82D3}.Debug|Any CPU.Build.0 = Debug|Any CPU
		{DA599A48-FB98-4889-A076-1A81EDCC82D3}.Release|Any CPU.ActiveCfg = Release|Any CPU
		{DA599A48-FB98-4889-A076-1A81EDCC82D3}.Release|Any CPU.Build.0 = Release|Any CPU
		{1628C094-87FE-4555-80C6-149F70BBDBB7}.Debug|Any CPU.ActiveCfg = Debug|Any CPU
		{1628C094-87FE-4555-80C6-149F70BBDBB7}.Debug|Any CPU.Build.0 = Debug|Any CPU
		{1628C094-87FE-4555-80C6-149F70BBDBB7}.Release|Any CPU.ActiveCfg = Release|Any CPU
		{1628C094-87FE-4555-80C6-149F70BBDBB7}.Release|Any CPU.Build.0 = Release|Any CPU
		{286A0A15-DF9E-41D3-A0DB-18E5C2BA54CA}.Debug|Any CPU.ActiveCfg = Debug|Any CPU
		{286A0A15-DF9E-41D3-A0DB-18E5C2BA54CA}.Debug|Any CPU.Build.0 = Debug|Any CPU
		{286A0A15-DF9E-41D3-A0DB-18E5C2BA54CA}.Release|Any CPU.ActiveCfg = Release|Any CPU
		{286A0A15-DF9E-41D3-A0DB-18E5C2BA54CA}.Release|Any CPU.Build.0 = Release|Any CPU
		{39E4E6DA-A0C6-4449-A527-8850E1DA2883}.Debug|Any CPU.ActiveCfg = Debug|Any CPU
		{39E4E6DA-A0C6-4449-A527-8850E1DA2883}.Debug|Any CPU.Build.0 = Debug|Any CPU
		{39E4E6DA-A0C6-4449-A527-8850E1DA2883}.Release|Any CPU.ActiveCfg = Release|Any CPU
		{39E4E6DA-A0C6-4449-A527-8850E1DA2883}.Release|Any CPU.Build.0 = Release|Any CPU
		{FA9D338D-D0BA-4A8A-916E-A91256048931}.Debug|Any CPU.ActiveCfg = Debug|Any CPU
		{FA9D338D-D0BA-4A8A-916E-A91256048931}.Debug|Any CPU.Build.0 = Debug|Any CPU
		{FA9D338D-D0BA-4A8A-916E-A91256048931}.Release|Any CPU.ActiveCfg = Release|Any CPU
		{FA9D338D-D0BA-4A8A-916E-A91256048931}.Release|Any CPU.Build.0 = Release|Any CPU
		{6562C26B-1D37-4D56-A238-8CC89F959AC4}.Debug|Any CPU.ActiveCfg = Debug|Any CPU
		{6562C26B-1D37-4D56-A238-8CC89F959AC4}.Debug|Any CPU.Build.0 = Debug|Any CPU
		{6562C26B-1D37-4D56-A238-8CC89F959AC4}.Release|Any CPU.ActiveCfg = Release|Any CPU
		{6562C26B-1D37-4D56-A238-8CC89F959AC4}.Release|Any CPU.Build.0 = Release|Any CPU
	EndGlobalSection
	GlobalSection(SolutionProperties) = preSolution
		HideSolutionNode = FALSE
	EndGlobalSection
EndGlobal
